// !$*UTF8*$!
{
	archiveVersion = 1;
	classes = {
	};
	objectVersion = 55;
	objects = {

/* Begin PBXBuildFile section */
		161783DB27FEAC650052D0AD /* TasteyTests.swift in Sources */ = {isa = PBXBuildFile; fileRef = 161783DA27FEAC650052D0AD /* TasteyTests.swift */; };
		16389E6B27F3B1A600A9B662 /* Broccoli_ProjectApp.swift in Sources */ = {isa = PBXBuildFile; fileRef = 16389E6A27F3B1A600A9B662 /* Broccoli_ProjectApp.swift */; };
		16389E6D27F3B1A600A9B662 /* MainView.swift in Sources */ = {isa = PBXBuildFile; fileRef = 16389E6C27F3B1A600A9B662 /* MainView.swift */; };
		16389E6F27F3B1A700A9B662 /* Assets.xcassets in Resources */ = {isa = PBXBuildFile; fileRef = 16389E6E27F3B1A700A9B662 /* Assets.xcassets */; };
		16389E7227F3B1A700A9B662 /* Preview Assets.xcassets in Resources */ = {isa = PBXBuildFile; fileRef = 16389E7127F3B1A700A9B662 /* Preview Assets.xcassets */; };
		16638E1728065D970058DD34 /* TDServiceError.swift in Sources */ = {isa = PBXBuildFile; fileRef = 16638E1628065D970058DD34 /* TDServiceError.swift */; };
		16638E1D2808DFB40058DD34 /* ColoredTypePicker.swift in Sources */ = {isa = PBXBuildFile; fileRef = 16638E1C2808DFB40058DD34 /* ColoredTypePicker.swift */; };
		16638E212808E8900058DD34 /* NoResultsView.swift in Sources */ = {isa = PBXBuildFile; fileRef = 16638E202808E8900058DD34 /* NoResultsView.swift */; };
		16638E242808EF990058DD34 /* WrappingHStack in Frameworks */ = {isa = PBXBuildFile; productRef = 16638E232808EF990058DD34 /* WrappingHStack */; };
		16638E26280B2AAD0058DD34 /* TasteyColors.swift in Sources */ = {isa = PBXBuildFile; fileRef = 16638E25280B2AAD0058DD34 /* TasteyColors.swift */; };
		16638E28280B2C7A0058DD34 /* EntryViewModel.swift in Sources */ = {isa = PBXBuildFile; fileRef = 16638E27280B2C7A0058DD34 /* EntryViewModel.swift */; };
		16967AF4280F64AA008B4D5C /* NoSavedView.swift in Sources */ = {isa = PBXBuildFile; fileRef = 16967AF3280F64AA008B4D5C /* NoSavedView.swift */; };
		16BFE78927F64FC00025939E /* ResultsListView.swift in Sources */ = {isa = PBXBuildFile; fileRef = 16BFE78827F64FC00025939E /* ResultsListView.swift */; };
		16BFE78B27F64FDC0025939E /* MainViewModel.swift in Sources */ = {isa = PBXBuildFile; fileRef = 16BFE78A27F64FDC0025939E /* MainViewModel.swift */; };
		16BFE78D27F64FFE0025939E /* MediaEntryView.swift in Sources */ = {isa = PBXBuildFile; fileRef = 16BFE78C27F64FFE0025939E /* MediaEntryView.swift */; };
		16BFE78F27F650190025939E /* MediaDetailedView.swift in Sources */ = {isa = PBXBuildFile; fileRef = 16BFE78E27F650190025939E /* MediaDetailedView.swift */; };
		16BFE79127F650270025939E /* TasteDiveService.swift in Sources */ = {isa = PBXBuildFile; fileRef = 16BFE79027F650270025939E /* TasteDiveService.swift */; };
		16C67DAB280DFC1A00D3B760 /* TDQuery.swift in Sources */ = {isa = PBXBuildFile; fileRef = 16C67DAA280DFC1A00D3B760 /* TDQuery.swift */; };
		16C67DAD280DFC5400D3B760 /* TDItem.swift in Sources */ = {isa = PBXBuildFile; fileRef = 16C67DAC280DFC5400D3B760 /* TDItem.swift */; };
		16C67DAF280E0ED200D3B760 /* NoImageAvailableView.swift in Sources */ = {isa = PBXBuildFile; fileRef = 16C67DAE280E0ED200D3B760 /* NoImageAvailableView.swift */; };
		16D2E9672803EA2A00954948 /* LoadingView.swift in Sources */ = {isa = PBXBuildFile; fileRef = 16D2E9662803EA2A00954948 /* LoadingView.swift */; };
		16FB4446280231EA0054DCB6 /* HTMLParser.swift in Sources */ = {isa = PBXBuildFile; fileRef = 16FB4445280231EA0054DCB6 /* HTMLParser.swift */; };
		16FB4449280232120054DCB6 /* SwiftSoup in Frameworks */ = {isa = PBXBuildFile; productRef = 16FB4448280232120054DCB6 /* SwiftSoup */; };
		16FB444B2803758A0054DCB6 /* MediaType.swift in Sources */ = {isa = PBXBuildFile; fileRef = 16FB444A2803758A0054DCB6 /* MediaType.swift */; };
		16FB444D2803761D0054DCB6 /* ArtistEntryView.swift in Sources */ = {isa = PBXBuildFile; fileRef = 16FB444C2803761D0054DCB6 /* ArtistEntryView.swift */; };
		16FB444F280376A40054DCB6 /* GenericEntryView.swift in Sources */ = {isa = PBXBuildFile; fileRef = 16FB444E280376A40054DCB6 /* GenericEntryView.swift */; };
		16FB445128037CEC0054DCB6 /* QueryItemView.swift in Sources */ = {isa = PBXBuildFile; fileRef = 16FB445028037CEC0054DCB6 /* QueryItemView.swift */; };
		FE048FCC280E040C00111CD3 /* HomeView.swift in Sources */ = {isa = PBXBuildFile; fileRef = FE048FCB280E040C00111CD3 /* HomeView.swift */; };
		FE2E7866280B97C80099B6DD /* DataModel.xcdatamodeld in Sources */ = {isa = PBXBuildFile; fileRef = FE2E7864280B97C80099B6DD /* DataModel.xcdatamodeld */; };
		FE2E7868280B98F10099B6DD /* CoreDataManager.swift in Sources */ = {isa = PBXBuildFile; fileRef = FE2E7867280B98F10099B6DD /* CoreDataManager.swift */; };
		FE2E786A280B9F640099B6DD /* WatchListView.swift in Sources */ = {isa = PBXBuildFile; fileRef = FE2E7869280B9F640099B6DD /* WatchListView.swift */; };
		FE2E786C280BA2050099B6DD /* WatchlistViewModel.swift in Sources */ = {isa = PBXBuildFile; fileRef = FE2E786B280BA2050099B6DD /* WatchlistViewModel.swift */; };
		FE2E786E280BAFF00099B6DD /* EntryModel.swift in Sources */ = {isa = PBXBuildFile; fileRef = FE2E786D280BAFF00099B6DD /* EntryModel.swift */; };
		FEC37C01280CF66400610BE1 /* WatchListDetailView.swift in Sources */ = {isa = PBXBuildFile; fileRef = FEC37C00280CF66400610BE1 /* WatchListDetailView.swift */; };
		FEC37C07280CFD7D00610BE1 /* WatchListGenericEntryView.swift in Sources */ = {isa = PBXBuildFile; fileRef = FEC37C06280CFD7D00610BE1 /* WatchListGenericEntryView.swift */; };
/* End PBXBuildFile section */

/* Begin PBXContainerItemProxy section */
		161783DC27FEAC650052D0AD /* PBXContainerItemProxy */ = {
			isa = PBXContainerItemProxy;
			containerPortal = 16389E5F27F3B1A600A9B662 /* Project object */;
			proxyType = 1;
			remoteGlobalIDString = 16389E6627F3B1A600A9B662;
			remoteInfo = "Broccoli-Project";
		};
/* End PBXContainerItemProxy section */

/* Begin PBXFileReference section */
		161783D827FEAC650052D0AD /* TasteyTests.xctest */ = {isa = PBXFileReference; explicitFileType = wrapper.cfbundle; includeInIndex = 0; path = TasteyTests.xctest; sourceTree = BUILT_PRODUCTS_DIR; };
		161783DA27FEAC650052D0AD /* TasteyTests.swift */ = {isa = PBXFileReference; lastKnownFileType = sourcecode.swift; path = TasteyTests.swift; sourceTree = "<group>"; };
		16389E6727F3B1A600A9B662 /* Tastey.app */ = {isa = PBXFileReference; explicitFileType = wrapper.application; includeInIndex = 0; path = Tastey.app; sourceTree = BUILT_PRODUCTS_DIR; };
		16389E6A27F3B1A600A9B662 /* Broccoli_ProjectApp.swift */ = {isa = PBXFileReference; lastKnownFileType = sourcecode.swift; path = Broccoli_ProjectApp.swift; sourceTree = "<group>"; };
		16389E6C27F3B1A600A9B662 /* MainView.swift */ = {isa = PBXFileReference; lastKnownFileType = sourcecode.swift; path = MainView.swift; sourceTree = "<group>"; };
		16389E6E27F3B1A700A9B662 /* Assets.xcassets */ = {isa = PBXFileReference; lastKnownFileType = folder.assetcatalog; path = Assets.xcassets; sourceTree = "<group>"; };
		16389E7127F3B1A700A9B662 /* Preview Assets.xcassets */ = {isa = PBXFileReference; lastKnownFileType = folder.assetcatalog; path = "Preview Assets.xcassets"; sourceTree = "<group>"; };
		16638E1628065D970058DD34 /* TDServiceError.swift */ = {isa = PBXFileReference; lastKnownFileType = sourcecode.swift; path = TDServiceError.swift; sourceTree = "<group>"; };
		16638E1C2808DFB40058DD34 /* ColoredTypePicker.swift */ = {isa = PBXFileReference; lastKnownFileType = sourcecode.swift; path = ColoredTypePicker.swift; sourceTree = "<group>"; };
		16638E202808E8900058DD34 /* NoResultsView.swift */ = {isa = PBXFileReference; lastKnownFileType = sourcecode.swift; path = NoResultsView.swift; sourceTree = "<group>"; };
		16638E25280B2AAD0058DD34 /* TasteyColors.swift */ = {isa = PBXFileReference; lastKnownFileType = sourcecode.swift; path = TasteyColors.swift; sourceTree = "<group>"; };
		16638E27280B2C7A0058DD34 /* EntryViewModel.swift */ = {isa = PBXFileReference; lastKnownFileType = sourcecode.swift; path = EntryViewModel.swift; sourceTree = "<group>"; };
		16967AF3280F64AA008B4D5C /* NoSavedView.swift */ = {isa = PBXFileReference; lastKnownFileType = sourcecode.swift; path = NoSavedView.swift; sourceTree = "<group>"; };
		16BFE78827F64FC00025939E /* ResultsListView.swift */ = {isa = PBXFileReference; lastKnownFileType = sourcecode.swift; path = ResultsListView.swift; sourceTree = "<group>"; };
		16BFE78A27F64FDC0025939E /* MainViewModel.swift */ = {isa = PBXFileReference; lastKnownFileType = sourcecode.swift; path = MainViewModel.swift; sourceTree = "<group>"; };
		16BFE78C27F64FFE0025939E /* MediaEntryView.swift */ = {isa = PBXFileReference; lastKnownFileType = sourcecode.swift; path = MediaEntryView.swift; sourceTree = "<group>"; };
		16BFE78E27F650190025939E /* MediaDetailedView.swift */ = {isa = PBXFileReference; lastKnownFileType = sourcecode.swift; path = MediaDetailedView.swift; sourceTree = "<group>"; };
		16BFE79027F650270025939E /* TasteDiveService.swift */ = {isa = PBXFileReference; lastKnownFileType = sourcecode.swift; path = TasteDiveService.swift; sourceTree = "<group>"; };
		16C67DAA280DFC1A00D3B760 /* TDQuery.swift */ = {isa = PBXFileReference; lastKnownFileType = sourcecode.swift; path = TDQuery.swift; sourceTree = "<group>"; };
		16C67DAC280DFC5400D3B760 /* TDItem.swift */ = {isa = PBXFileReference; lastKnownFileType = sourcecode.swift; path = TDItem.swift; sourceTree = "<group>"; };
		16C67DAE280E0ED200D3B760 /* NoImageAvailableView.swift */ = {isa = PBXFileReference; lastKnownFileType = sourcecode.swift; path = NoImageAvailableView.swift; sourceTree = "<group>"; };
		16D2E9662803EA2A00954948 /* LoadingView.swift */ = {isa = PBXFileReference; lastKnownFileType = sourcecode.swift; path = LoadingView.swift; sourceTree = "<group>"; };
		16FB4445280231EA0054DCB6 /* HTMLParser.swift */ = {isa = PBXFileReference; lastKnownFileType = sourcecode.swift; path = HTMLParser.swift; sourceTree = "<group>"; };
		16FB444A2803758A0054DCB6 /* MediaType.swift */ = {isa = PBXFileReference; lastKnownFileType = sourcecode.swift; path = MediaType.swift; sourceTree = "<group>"; };
		16FB444C2803761D0054DCB6 /* ArtistEntryView.swift */ = {isa = PBXFileReference; lastKnownFileType = sourcecode.swift; path = ArtistEntryView.swift; sourceTree = "<group>"; };
		16FB444E280376A40054DCB6 /* GenericEntryView.swift */ = {isa = PBXFileReference; lastKnownFileType = sourcecode.swift; path = GenericEntryView.swift; sourceTree = "<group>"; };
		16FB445028037CEC0054DCB6 /* QueryItemView.swift */ = {isa = PBXFileReference; lastKnownFileType = sourcecode.swift; path = QueryItemView.swift; sourceTree = "<group>"; };
		FE048FCB280E040C00111CD3 /* HomeView.swift */ = {isa = PBXFileReference; lastKnownFileType = sourcecode.swift; path = HomeView.swift; sourceTree = "<group>"; };
		FE2E7865280B97C80099B6DD /* DataModel.xcdatamodel */ = {isa = PBXFileReference; lastKnownFileType = wrapper.xcdatamodel; path = DataModel.xcdatamodel; sourceTree = "<group>"; };
		FE2E7867280B98F10099B6DD /* CoreDataManager.swift */ = {isa = PBXFileReference; lastKnownFileType = sourcecode.swift; path = CoreDataManager.swift; sourceTree = "<group>"; };
		FE2E7869280B9F640099B6DD /* WatchListView.swift */ = {isa = PBXFileReference; lastKnownFileType = sourcecode.swift; path = WatchListView.swift; sourceTree = "<group>"; };
		FE2E786B280BA2050099B6DD /* WatchlistViewModel.swift */ = {isa = PBXFileReference; lastKnownFileType = sourcecode.swift; path = WatchlistViewModel.swift; sourceTree = "<group>"; };
		FE2E786D280BAFF00099B6DD /* EntryModel.swift */ = {isa = PBXFileReference; lastKnownFileType = sourcecode.swift; path = EntryModel.swift; sourceTree = "<group>"; };
		FEC37C00280CF66400610BE1 /* WatchListDetailView.swift */ = {isa = PBXFileReference; lastKnownFileType = sourcecode.swift; path = WatchListDetailView.swift; sourceTree = "<group>"; };
		FEC37C06280CFD7D00610BE1 /* WatchListGenericEntryView.swift */ = {isa = PBXFileReference; lastKnownFileType = sourcecode.swift; path = WatchListGenericEntryView.swift; sourceTree = "<group>"; };
/* End PBXFileReference section */

/* Begin PBXFrameworksBuildPhase section */
		161783D527FEAC650052D0AD /* Frameworks */ = {
			isa = PBXFrameworksBuildPhase;
			buildActionMask = 2147483647;
			files = (
			);
			runOnlyForDeploymentPostprocessing = 0;
		};
		16389E6427F3B1A600A9B662 /* Frameworks */ = {
			isa = PBXFrameworksBuildPhase;
			buildActionMask = 2147483647;
			files = (
				16638E242808EF990058DD34 /* WrappingHStack in Frameworks */,
				16FB4449280232120054DCB6 /* SwiftSoup in Frameworks */,
			);
			runOnlyForDeploymentPostprocessing = 0;
		};
/* End PBXFrameworksBuildPhase section */

/* Begin PBXGroup section */
		161783D927FEAC650052D0AD /* TasteyTests */ = {
			isa = PBXGroup;
			children = (
				161783DA27FEAC650052D0AD /* TasteyTests.swift */,
			);
			path = TasteyTests;
			sourceTree = "<group>";
		};
		16389E5E27F3B1A600A9B662 = {
			isa = PBXGroup;
			children = (
				16389E6927F3B1A600A9B662 /* Broccoli-Project */,
				161783D927FEAC650052D0AD /* TasteyTests */,
				16389E6827F3B1A600A9B662 /* Products */,
			);
			sourceTree = "<group>";
		};
		16389E6827F3B1A600A9B662 /* Products */ = {
			isa = PBXGroup;
			children = (
				16389E6727F3B1A600A9B662 /* Tastey.app */,
				161783D827FEAC650052D0AD /* TasteyTests.xctest */,
			);
			name = Products;
			sourceTree = "<group>";
		};
		16389E6927F3B1A600A9B662 /* Broccoli-Project */ = {
			isa = PBXGroup;
			children = (
				FE2E7864280B97C80099B6DD /* DataModel.xcdatamodeld */,
				16389E6A27F3B1A600A9B662 /* Broccoli_ProjectApp.swift */,
				16638E1628065D970058DD34 /* TDServiceError.swift */,
				16638E25280B2AAD0058DD34 /* TasteyColors.swift */,
				16638E1328062C310058DD34 /* Views */,
				16638E1528062C630058DD34 /* Models */,
				16638E1428062C410058DD34 /* ViewModels */,
				16638E1228062B990058DD34 /* Service */,
				16389E6E27F3B1A700A9B662 /* Assets.xcassets */,
				16389E7027F3B1A700A9B662 /* Preview Content */,
			);
			path = "Broccoli-Project";
			sourceTree = "<group>";
		};
		16389E7027F3B1A700A9B662 /* Preview Content */ = {
			isa = PBXGroup;
			children = (
				16389E7127F3B1A700A9B662 /* Preview Assets.xcassets */,
			);
			path = "Preview Content";
			sourceTree = "<group>";
		};
		16638E1228062B990058DD34 /* Service */ = {
			isa = PBXGroup;
			children = (
				16FB4445280231EA0054DCB6 /* HTMLParser.swift */,
				16BFE79027F650270025939E /* TasteDiveService.swift */,
				FE2E7867280B98F10099B6DD /* CoreDataManager.swift */,
			);
			path = Service;
			sourceTree = "<group>";
		};
		16638E1328062C310058DD34 /* Views */ = {
			isa = PBXGroup;
			children = (
				FE048FCB280E040C00111CD3 /* HomeView.swift */,
				16389E6C27F3B1A600A9B662 /* MainView.swift */,
				16638E1C2808DFB40058DD34 /* ColoredTypePicker.swift */,
				16FB445028037CEC0054DCB6 /* QueryItemView.swift */,
				16BFE78827F64FC00025939E /* ResultsListView.swift */,
				16638E202808E8900058DD34 /* NoResultsView.swift */,
				16967AF3280F64AA008B4D5C /* NoSavedView.swift */,
				16C67DAE280E0ED200D3B760 /* NoImageAvailableView.swift */,
				16D2E9662803EA2A00954948 /* LoadingView.swift */,
				16BFE78C27F64FFE0025939E /* MediaEntryView.swift */,
				16FB444C2803761D0054DCB6 /* ArtistEntryView.swift */,
				16FB444E280376A40054DCB6 /* GenericEntryView.swift */,
				16BFE78E27F650190025939E /* MediaDetailedView.swift */,
				FE2E7869280B9F640099B6DD /* WatchListView.swift */,
				FEC37C06280CFD7D00610BE1 /* WatchListGenericEntryView.swift */,
				FEC37C00280CF66400610BE1 /* WatchListDetailView.swift */,
			);
			path = Views;
			sourceTree = "<group>";
		};
		16638E1428062C410058DD34 /* ViewModels */ = {
			isa = PBXGroup;
			children = (
				16638E27280B2C7A0058DD34 /* EntryViewModel.swift */,
				16BFE78A27F64FDC0025939E /* MainViewModel.swift */,
				FE2E786B280BA2050099B6DD /* WatchlistViewModel.swift */,
			);
			path = ViewModels;
			sourceTree = "<group>";
		};
		16638E1528062C630058DD34 /* Models */ = {
			isa = PBXGroup;
			children = (
				16FB444A2803758A0054DCB6 /* MediaType.swift */,
				16C67DAA280DFC1A00D3B760 /* TDQuery.swift */,
				16C67DAC280DFC5400D3B760 /* TDItem.swift */,
				FE2E786D280BAFF00099B6DD /* EntryModel.swift */,
			);
			path = Models;
			sourceTree = "<group>";
		};
/* End PBXGroup section */

/* Begin PBXNativeTarget section */
		161783D727FEAC650052D0AD /* TasteyTests */ = {
			isa = PBXNativeTarget;
			buildConfigurationList = 161783E027FEAC650052D0AD /* Build configuration list for PBXNativeTarget "TasteyTests" */;
			buildPhases = (
				161783D427FEAC650052D0AD /* Sources */,
				161783D527FEAC650052D0AD /* Frameworks */,
				161783D627FEAC650052D0AD /* Resources */,
			);
			buildRules = (
			);
			dependencies = (
				161783DD27FEAC650052D0AD /* PBXTargetDependency */,
			);
			name = TasteyTests;
			productName = "Broccoli-ProjectTests";
			productReference = 161783D827FEAC650052D0AD /* TasteyTests.xctest */;
			productType = "com.apple.product-type.bundle.unit-test";
		};
		16389E6627F3B1A600A9B662 /* Tastey */ = {
			isa = PBXNativeTarget;
			buildConfigurationList = 16389E7527F3B1A700A9B662 /* Build configuration list for PBXNativeTarget "Tastey" */;
			buildPhases = (
				16389E6327F3B1A600A9B662 /* Sources */,
				16389E6427F3B1A600A9B662 /* Frameworks */,
				16389E6527F3B1A600A9B662 /* Resources */,
			);
			buildRules = (
			);
			dependencies = (
			);
			name = Tastey;
			packageProductDependencies = (
				16FB4448280232120054DCB6 /* SwiftSoup */,
				16638E232808EF990058DD34 /* WrappingHStack */,
			);
			productName = "Broccoli-Project";
			productReference = 16389E6727F3B1A600A9B662 /* Tastey.app */;
			productType = "com.apple.product-type.application";
		};
/* End PBXNativeTarget section */

/* Begin PBXProject section */
		16389E5F27F3B1A600A9B662 /* Project object */ = {
			isa = PBXProject;
			attributes = {
				BuildIndependentTargetsInParallel = 1;
				LastSwiftUpdateCheck = 1320;
				LastUpgradeCheck = 1320;
				TargetAttributes = {
					161783D727FEAC650052D0AD = {
						CreatedOnToolsVersion = 13.2.1;
						TestTargetID = 16389E6627F3B1A600A9B662;
					};
					16389E6627F3B1A600A9B662 = {
						CreatedOnToolsVersion = 13.2.1;
					};
				};
			};
			buildConfigurationList = 16389E6227F3B1A600A9B662 /* Build configuration list for PBXProject "Tastey" */;
			compatibilityVersion = "Xcode 13.0";
			developmentRegion = en;
			hasScannedForEncodings = 0;
			knownRegions = (
				en,
				Base,
			);
			mainGroup = 16389E5E27F3B1A600A9B662;
			packageReferences = (
				16FB4447280232120054DCB6 /* XCRemoteSwiftPackageReference "SwiftSoup" */,
				16638E222808EF990058DD34 /* XCRemoteSwiftPackageReference "WrappingHStack" */,
			);
			productRefGroup = 16389E6827F3B1A600A9B662 /* Products */;
			projectDirPath = "";
			projectRoot = "";
			targets = (
				16389E6627F3B1A600A9B662 /* Tastey */,
				161783D727FEAC650052D0AD /* TasteyTests */,
			);
		};
/* End PBXProject section */

/* Begin PBXResourcesBuildPhase section */
		161783D627FEAC650052D0AD /* Resources */ = {
			isa = PBXResourcesBuildPhase;
			buildActionMask = 2147483647;
			files = (
			);
			runOnlyForDeploymentPostprocessing = 0;
		};
		16389E6527F3B1A600A9B662 /* Resources */ = {
			isa = PBXResourcesBuildPhase;
			buildActionMask = 2147483647;
			files = (
				16389E7227F3B1A700A9B662 /* Preview Assets.xcassets in Resources */,
				16389E6F27F3B1A700A9B662 /* Assets.xcassets in Resources */,
			);
			runOnlyForDeploymentPostprocessing = 0;
		};
/* End PBXResourcesBuildPhase section */

/* Begin PBXSourcesBuildPhase section */
		161783D427FEAC650052D0AD /* Sources */ = {
			isa = PBXSourcesBuildPhase;
			buildActionMask = 2147483647;
			files = (
				161783DB27FEAC650052D0AD /* TasteyTests.swift in Sources */,
			);
			runOnlyForDeploymentPostprocessing = 0;
		};
		16389E6327F3B1A600A9B662 /* Sources */ = {
			isa = PBXSourcesBuildPhase;
			buildActionMask = 2147483647;
			files = (
				16638E1728065D970058DD34 /* TDServiceError.swift in Sources */,
				16FB444D2803761D0054DCB6 /* ArtistEntryView.swift in Sources */,
				FE2E786C280BA2050099B6DD /* WatchlistViewModel.swift in Sources */,
				FE2E786E280BAFF00099B6DD /* EntryModel.swift in Sources */,
				16FB444B2803758A0054DCB6 /* MediaType.swift in Sources */,
				16FB445128037CEC0054DCB6 /* QueryItemView.swift in Sources */,
				16C67DAD280DFC5400D3B760 /* TDItem.swift in Sources */,
				16BFE78D27F64FFE0025939E /* MediaEntryView.swift in Sources */,
				16389E6D27F3B1A600A9B662 /* MainView.swift in Sources */,
				16D2E9672803EA2A00954948 /* LoadingView.swift in Sources */,
				16BFE78927F64FC00025939E /* ResultsListView.swift in Sources */,
				16638E212808E8900058DD34 /* NoResultsView.swift in Sources */,
				16FB444F280376A40054DCB6 /* GenericEntryView.swift in Sources */,
				16638E26280B2AAD0058DD34 /* TasteyColors.swift in Sources */,
				16BFE79127F650270025939E /* TasteDiveService.swift in Sources */,
				16967AF4280F64AA008B4D5C /* NoSavedView.swift in Sources */,
				16638E1D2808DFB40058DD34 /* ColoredTypePicker.swift in Sources */,
				16C67DAF280E0ED200D3B760 /* NoImageAvailableView.swift in Sources */,
				FE048FCC280E040C00111CD3 /* HomeView.swift in Sources */,
				16389E6B27F3B1A600A9B662 /* Broccoli_ProjectApp.swift in Sources */,
				FE2E7866280B97C80099B6DD /* DataModel.xcdatamodeld in Sources */,
				16FB4446280231EA0054DCB6 /* HTMLParser.swift in Sources */,
				FEC37C07280CFD7D00610BE1 /* WatchListGenericEntryView.swift in Sources */,
				FE2E786A280B9F640099B6DD /* WatchListView.swift in Sources */,
				16638E28280B2C7A0058DD34 /* EntryViewModel.swift in Sources */,
				16BFE78B27F64FDC0025939E /* MainViewModel.swift in Sources */,
				FEC37C01280CF66400610BE1 /* WatchListDetailView.swift in Sources */,
				FE2E7868280B98F10099B6DD /* CoreDataManager.swift in Sources */,
				16C67DAB280DFC1A00D3B760 /* TDQuery.swift in Sources */,
				16BFE78F27F650190025939E /* MediaDetailedView.swift in Sources */,
			);
			runOnlyForDeploymentPostprocessing = 0;
		};
/* End PBXSourcesBuildPhase section */

/* Begin PBXTargetDependency section */
		161783DD27FEAC650052D0AD /* PBXTargetDependency */ = {
			isa = PBXTargetDependency;
			target = 16389E6627F3B1A600A9B662 /* Tastey */;
			targetProxy = 161783DC27FEAC650052D0AD /* PBXContainerItemProxy */;
		};
/* End PBXTargetDependency section */

/* Begin XCBuildConfiguration section */
		161783DE27FEAC650052D0AD /* Debug */ = {
			isa = XCBuildConfiguration;
			buildSettings = {
				BUNDLE_LOADER = "$(TEST_HOST)";
				CODE_SIGN_STYLE = Automatic;
				CURRENT_PROJECT_VERSION = 1;
				DEVELOPMENT_TEAM = M23G284TD2;
				GENERATE_INFOPLIST_FILE = YES;
				MARKETING_VERSION = 1.0;
				PRODUCT_BUNDLE_IDENTIFIER = "alecnipp.Broccoli-ProjectTests";
				PRODUCT_NAME = "$(TARGET_NAME)";
				SWIFT_EMIT_LOC_STRINGS = NO;
				SWIFT_VERSION = 5.0;
				TARGETED_DEVICE_FAMILY = "1,2";
				TEST_HOST = "$(BUILT_PRODUCTS_DIR)/Tastey.app/Tastey";
			};
			name = Debug;
		};
		161783DF27FEAC650052D0AD /* Release */ = {
			isa = XCBuildConfiguration;
			buildSettings = {
				BUNDLE_LOADER = "$(TEST_HOST)";
				CODE_SIGN_STYLE = Automatic;
				CURRENT_PROJECT_VERSION = 1;
				DEVELOPMENT_TEAM = M23G284TD2;
				GENERATE_INFOPLIST_FILE = YES;
				MARKETING_VERSION = 1.0;
				PRODUCT_BUNDLE_IDENTIFIER = "alecnipp.Broccoli-ProjectTests";
				PRODUCT_NAME = "$(TARGET_NAME)";
				SWIFT_EMIT_LOC_STRINGS = NO;
				SWIFT_VERSION = 5.0;
				TARGETED_DEVICE_FAMILY = "1,2";
				TEST_HOST = "$(BUILT_PRODUCTS_DIR)/Tastey.app/Tastey";
			};
			name = Release;
		};
		16389E7327F3B1A700A9B662 /* Debug */ = {
			isa = XCBuildConfiguration;
			buildSettings = {
				ALWAYS_SEARCH_USER_PATHS = NO;
				CLANG_ANALYZER_NONNULL = YES;
				CLANG_ANALYZER_NUMBER_OBJECT_CONVERSION = YES_AGGRESSIVE;
				CLANG_CXX_LANGUAGE_STANDARD = "gnu++17";
				CLANG_CXX_LIBRARY = "libc++";
				CLANG_ENABLE_MODULES = YES;
				CLANG_ENABLE_OBJC_ARC = YES;
				CLANG_ENABLE_OBJC_WEAK = YES;
				CLANG_WARN_BLOCK_CAPTURE_AUTORELEASING = YES;
				CLANG_WARN_BOOL_CONVERSION = YES;
				CLANG_WARN_COMMA = YES;
				CLANG_WARN_CONSTANT_CONVERSION = YES;
				CLANG_WARN_DEPRECATED_OBJC_IMPLEMENTATIONS = YES;
				CLANG_WARN_DIRECT_OBJC_ISA_USAGE = YES_ERROR;
				CLANG_WARN_DOCUMENTATION_COMMENTS = YES;
				CLANG_WARN_EMPTY_BODY = YES;
				CLANG_WARN_ENUM_CONVERSION = YES;
				CLANG_WARN_INFINITE_RECURSION = YES;
				CLANG_WARN_INT_CONVERSION = YES;
				CLANG_WARN_NON_LITERAL_NULL_CONVERSION = YES;
				CLANG_WARN_OBJC_IMPLICIT_RETAIN_SELF = YES;
				CLANG_WARN_OBJC_LITERAL_CONVERSION = YES;
				CLANG_WARN_OBJC_ROOT_CLASS = YES_ERROR;
				CLANG_WARN_QUOTED_INCLUDE_IN_FRAMEWORK_HEADER = YES;
				CLANG_WARN_RANGE_LOOP_ANALYSIS = YES;
				CLANG_WARN_STRICT_PROTOTYPES = YES;
				CLANG_WARN_SUSPICIOUS_MOVE = YES;
				CLANG_WARN_UNGUARDED_AVAILABILITY = YES_AGGRESSIVE;
				CLANG_WARN_UNREACHABLE_CODE = YES;
				CLANG_WARN__DUPLICATE_METHOD_MATCH = YES;
				COPY_PHASE_STRIP = NO;
				DEBUG_INFORMATION_FORMAT = dwarf;
				ENABLE_STRICT_OBJC_MSGSEND = YES;
				ENABLE_TESTABILITY = YES;
				GCC_C_LANGUAGE_STANDARD = gnu11;
				GCC_DYNAMIC_NO_PIC = NO;
				GCC_NO_COMMON_BLOCKS = YES;
				GCC_OPTIMIZATION_LEVEL = 0;
				GCC_PREPROCESSOR_DEFINITIONS = (
					"DEBUG=1",
					"$(inherited)",
				);
				GCC_WARN_64_TO_32_BIT_CONVERSION = YES;
				GCC_WARN_ABOUT_RETURN_TYPE = YES_ERROR;
				GCC_WARN_UNDECLARED_SELECTOR = YES;
				GCC_WARN_UNINITIALIZED_AUTOS = YES_AGGRESSIVE;
				GCC_WARN_UNUSED_FUNCTION = YES;
				GCC_WARN_UNUSED_VARIABLE = YES;
				IPHONEOS_DEPLOYMENT_TARGET = 15.2;
				MTL_ENABLE_DEBUG_INFO = INCLUDE_SOURCE;
				MTL_FAST_MATH = YES;
				ONLY_ACTIVE_ARCH = YES;
				SDKROOT = iphoneos;
				SWIFT_ACTIVE_COMPILATION_CONDITIONS = DEBUG;
				SWIFT_OPTIMIZATION_LEVEL = "-Onone";
			};
			name = Debug;
		};
		16389E7427F3B1A700A9B662 /* Release */ = {
			isa = XCBuildConfiguration;
			buildSettings = {
				ALWAYS_SEARCH_USER_PATHS = NO;
				CLANG_ANALYZER_NONNULL = YES;
				CLANG_ANALYZER_NUMBER_OBJECT_CONVERSION = YES_AGGRESSIVE;
				CLANG_CXX_LANGUAGE_STANDARD = "gnu++17";
				CLANG_CXX_LIBRARY = "libc++";
				CLANG_ENABLE_MODULES = YES;
				CLANG_ENABLE_OBJC_ARC = YES;
				CLANG_ENABLE_OBJC_WEAK = YES;
				CLANG_WARN_BLOCK_CAPTURE_AUTORELEASING = YES;
				CLANG_WARN_BOOL_CONVERSION = YES;
				CLANG_WARN_COMMA = YES;
				CLANG_WARN_CONSTANT_CONVERSION = YES;
				CLANG_WARN_DEPRECATED_OBJC_IMPLEMENTATIONS = YES;
				CLANG_WARN_DIRECT_OBJC_ISA_USAGE = YES_ERROR;
				CLANG_WARN_DOCUMENTATION_COMMENTS = YES;
				CLANG_WARN_EMPTY_BODY = YES;
				CLANG_WARN_ENUM_CONVERSION = YES;
				CLANG_WARN_INFINITE_RECURSION = YES;
				CLANG_WARN_INT_CONVERSION = YES;
				CLANG_WARN_NON_LITERAL_NULL_CONVERSION = YES;
				CLANG_WARN_OBJC_IMPLICIT_RETAIN_SELF = YES;
				CLANG_WARN_OBJC_LITERAL_CONVERSION = YES;
				CLANG_WARN_OBJC_ROOT_CLASS = YES_ERROR;
				CLANG_WARN_QUOTED_INCLUDE_IN_FRAMEWORK_HEADER = YES;
				CLANG_WARN_RANGE_LOOP_ANALYSIS = YES;
				CLANG_WARN_STRICT_PROTOTYPES = YES;
				CLANG_WARN_SUSPICIOUS_MOVE = YES;
				CLANG_WARN_UNGUARDED_AVAILABILITY = YES_AGGRESSIVE;
				CLANG_WARN_UNREACHABLE_CODE = YES;
				CLANG_WARN__DUPLICATE_METHOD_MATCH = YES;
				COPY_PHASE_STRIP = NO;
				DEBUG_INFORMATION_FORMAT = "dwarf-with-dsym";
				ENABLE_NS_ASSERTIONS = NO;
				ENABLE_STRICT_OBJC_MSGSEND = YES;
				GCC_C_LANGUAGE_STANDARD = gnu11;
				GCC_NO_COMMON_BLOCKS = YES;
				GCC_WARN_64_TO_32_BIT_CONVERSION = YES;
				GCC_WARN_ABOUT_RETURN_TYPE = YES_ERROR;
				GCC_WARN_UNDECLARED_SELECTOR = YES;
				GCC_WARN_UNINITIALIZED_AUTOS = YES_AGGRESSIVE;
				GCC_WARN_UNUSED_FUNCTION = YES;
				GCC_WARN_UNUSED_VARIABLE = YES;
				IPHONEOS_DEPLOYMENT_TARGET = 15.2;
				MTL_ENABLE_DEBUG_INFO = NO;
				MTL_FAST_MATH = YES;
				SDKROOT = iphoneos;
				SWIFT_COMPILATION_MODE = wholemodule;
				SWIFT_OPTIMIZATION_LEVEL = "-O";
				VALIDATE_PRODUCT = YES;
			};
			name = Release;
		};
		16389E7627F3B1A700A9B662 /* Debug */ = {
			isa = XCBuildConfiguration;
			buildSettings = {
				ASSETCATALOG_COMPILER_APPICON_NAME = AppIcon;
				ASSETCATALOG_COMPILER_GLOBAL_ACCENT_COLOR_NAME = AccentColor;
				CODE_SIGN_STYLE = Automatic;
				CURRENT_PROJECT_VERSION = 1;
				DEVELOPMENT_ASSET_PATHS = "\"Broccoli-Project/Preview Content\"";
				DEVELOPMENT_TEAM = M23G284TD2;
				ENABLE_PREVIEWS = YES;
				GENERATE_INFOPLIST_FILE = YES;
				INFOPLIST_KEY_UIApplicationSceneManifest_Generation = YES;
				INFOPLIST_KEY_UIApplicationSupportsIndirectInputEvents = YES;
				INFOPLIST_KEY_UILaunchScreen_Generation = YES;
				INFOPLIST_KEY_UISupportedInterfaceOrientations_iPad = "UIInterfaceOrientationPortrait UIInterfaceOrientationPortraitUpsideDown UIInterfaceOrientationLandscapeLeft UIInterfaceOrientationLandscapeRight";
				INFOPLIST_KEY_UISupportedInterfaceOrientations_iPhone = "UIInterfaceOrientationPortrait UIInterfaceOrientationLandscapeLeft UIInterfaceOrientationLandscapeRight";
				IPHONEOS_DEPLOYMENT_TARGET = 15.2;
				LD_RUNPATH_SEARCH_PATHS = (
					"$(inherited)",
					"@executable_path/Frameworks",
				);
				MARKETING_VERSION = 1.0;
				PRODUCT_BUNDLE_IDENTIFIER = "com.broccoli.Broccoli-Project";
				PRODUCT_NAME = "$(TARGET_NAME)";
				SWIFT_EMIT_LOC_STRINGS = YES;
				SWIFT_VERSION = 5.0;
				TARGETED_DEVICE_FAMILY = "1,2";
			};
			name = Debug;
		};
		16389E7727F3B1A700A9B662 /* Release */ = {
			isa = XCBuildConfiguration;
			buildSettings = {
				ASSETCATALOG_COMPILER_APPICON_NAME = AppIcon;
				ASSETCATALOG_COMPILER_GLOBAL_ACCENT_COLOR_NAME = AccentColor;
				CODE_SIGN_STYLE = Automatic;
				CURRENT_PROJECT_VERSION = 1;
				DEVELOPMENT_ASSET_PATHS = "\"Broccoli-Project/Preview Content\"";
				DEVELOPMENT_TEAM = M23G284TD2;
				ENABLE_PREVIEWS = YES;
				GENERATE_INFOPLIST_FILE = YES;
				INFOPLIST_KEY_UIApplicationSceneManifest_Generation = YES;
				INFOPLIST_KEY_UIApplicationSupportsIndirectInputEvents = YES;
				INFOPLIST_KEY_UILaunchScreen_Generation = YES;
				INFOPLIST_KEY_UISupportedInterfaceOrientations_iPad = "UIInterfaceOrientationPortrait UIInterfaceOrientationPortraitUpsideDown UIInterfaceOrientationLandscapeLeft UIInterfaceOrientationLandscapeRight";
				INFOPLIST_KEY_UISupportedInterfaceOrientations_iPhone = "UIInterfaceOrientationPortrait UIInterfaceOrientationLandscapeLeft UIInterfaceOrientationLandscapeRight";
				IPHONEOS_DEPLOYMENT_TARGET = 15.2;
				LD_RUNPATH_SEARCH_PATHS = (
					"$(inherited)",
					"@executable_path/Frameworks",
				);
				MARKETING_VERSION = 1.0;
				PRODUCT_BUNDLE_IDENTIFIER = "com.broccoli.Broccoli-Project";
				PRODUCT_NAME = "$(TARGET_NAME)";
				SWIFT_EMIT_LOC_STRINGS = YES;
				SWIFT_VERSION = 5.0;
				TARGETED_DEVICE_FAMILY = "1,2";
			};
			name = Release;
		};
/* End XCBuildConfiguration section */

/* Begin XCConfigurationList section */
		161783E027FEAC650052D0AD /* Build configuration list for PBXNativeTarget "TasteyTests" */ = {
			isa = XCConfigurationList;
			buildConfigurations = (
				161783DE27FEAC650052D0AD /* Debug */,
				161783DF27FEAC650052D0AD /* Release */,
			);
			defaultConfigurationIsVisible = 0;
			defaultConfigurationName = Release;
		};
		16389E6227F3B1A600A9B662 /* Build configuration list for PBXProject "Tastey" */ = {
			isa = XCConfigurationList;
			buildConfigurations = (
				16389E7327F3B1A700A9B662 /* Debug */,
				16389E7427F3B1A700A9B662 /* Release */,
			);
			defaultConfigurationIsVisible = 0;
			defaultConfigurationName = Release;
		};
		16389E7527F3B1A700A9B662 /* Build configuration list for PBXNativeTarget "Tastey" */ = {
			isa = XCConfigurationList;
			buildConfigurations = (
				16389E7627F3B1A700A9B662 /* Debug */,
				16389E7727F3B1A700A9B662 /* Release */,
			);
			defaultConfigurationIsVisible = 0;
			defaultConfigurationName = Release;
		};
/* End XCConfigurationList section */

/* Begin XCRemoteSwiftPackageReference section */
		16638E222808EF990058DD34 /* XCRemoteSwiftPackageReference "WrappingHStack" */ = {
			isa = XCRemoteSwiftPackageReference;
			repositoryURL = "https://github.com/dkk/WrappingHStack";
			requirement = {
				kind = upToNextMajorVersion;
				minimumVersion = 2.0.0;
			};
		};
		16FB4447280232120054DCB6 /* XCRemoteSwiftPackageReference "SwiftSoup" */ = {
			isa = XCRemoteSwiftPackageReference;
			repositoryURL = "https://github.com/scinfu/SwiftSoup.git";
			requirement = {
				kind = upToNextMajorVersion;
				minimumVersion = 2.0.0;
			};
		};
/* End XCRemoteSwiftPackageReference section */

/* Begin XCSwiftPackageProductDependency section */
		16638E232808EF990058DD34 /* WrappingHStack */ = {
			isa = XCSwiftPackageProductDependency;
			package = 16638E222808EF990058DD34 /* XCRemoteSwiftPackageReference "WrappingHStack" */;
			productName = WrappingHStack;
		};
		16FB4448280232120054DCB6 /* SwiftSoup */ = {
			isa = XCSwiftPackageProductDependency;
			package = 16FB4447280232120054DCB6 /* XCRemoteSwiftPackageReference "SwiftSoup" */;
			productName = SwiftSoup;
		};
/* End XCSwiftPackageProductDependency section */

/* Begin XCVersionGroup section */
		FE2E7864280B97C80099B6DD /* DataModel.xcdatamodeld */ = {
			isa = XCVersionGroup;
			children = (
				FE2E7865280B97C80099B6DD /* DataModel.xcdatamodel */,
			);
			currentVersion = FE2E7865280B97C80099B6DD /* DataModel.xcdatamodel */;
			path = DataModel.xcdatamodeld;
			sourceTree = "<group>";
			versionGroupType = wrapper.xcdatamodel;
		};
/* End XCVersionGroup section */
	};
	rootObject = 16389E5F27F3B1A600A9B662 /* Project object */;
}
